
Microsoft Visual Studio Solution File, Format Version 12.00
# Visual Studio Version 17
VisualStudioVersion = 17.9.34616.47
MinimumVisualStudioVersion = 10.0.40219.1
Project("{2150E333-8FDC-42A3-9474-1A3956D46DE8}") = "CleanArch.Application", "CleanArch.Application", "{AA8E6EDD-BDFD-47EC-BC00-9E9680302BC6}"
EndProject
Project("{2150E333-8FDC-42A3-9474-1A3956D46DE8}") = "CleanArch.Domain", "CleanArch.Domain", "{3A8CD6AF-B46E-4601-A45C-F1C8153D1A47}"
EndProject
Project("{2150E333-8FDC-42A3-9474-1A3956D46DE8}") = "CleanArch.Infra.data", "CleanArch.Infra.data", "{312F9099-4533-4623-9EB1-F187EF5F8C7F}"
EndProject
Project("{2150E333-8FDC-42A3-9474-1A3956D46DE8}") = "CleanArch.Infra.loC", "CleanArch.Infra.loC", "{EED1EE7C-1BF9-4F37-9420-113D05E28F68}"
EndProject
Project("{2150E333-8FDC-42A3-9474-1A3956D46DE8}") = "CleanArch.UI.Mvc", "CleanArch.UI.Mvc", "{49890DAB-1A1A-4033-87F3-6AB04155AEAF}"
EndProject
Global
	GlobalSection(SolutionProperties) = preSolution
		HideSolutionNode = FALSE
	EndGlobalSection
	GlobalSection(ExtensibilityGlobals) = postSolution
		SolutionGuid = {C84638A2-CF22-453B-8045-F73D6388AA4B}
	EndGlobalSection
EndGlobal
